
Microsoft Visual Studio Solution File, Format Version 12.00
# Visual Studio Version 17
VisualStudioVersion = 17.7.34221.43
MinimumVisualStudioVersion = 10.0.40219.1
Project("{FAE04EC0-301F-11D3-BF4B-00C04F79EFBC}") = "Robot_Arm_Controller", "Robot_Arm_Controller\Robot_Arm_Controller.csproj", "{7CD74639-4A58-4437-B7F7-5CB5FEE5BAF8}"
EndProject
Global
	GlobalSection(SolutionConfigurationPlatforms) = preSolution
		Debug|Any CPU = Debug|Any CPU
		Release|Any CPU = Release|Any CPU
	EndGlobalSection
	GlobalSection(ProjectConfigurationPlatforms) = postSolution
		{7CD74639-4A58-4437-B7F7-5CB5FEE5BAF8}.Debug|Any CPU.ActiveCfg = Debug|Any CPU
		{7CD74639-4A58-4437-B7F7-5CB5FEE5BAF8}.Debug|Any CPU.Build.0 = Debug|Any CPU
		{7CD74639-4A58-4437-B7F7-5CB5FEE5BAF8}.Release|Any CPU.ActiveCfg = Release|Any CPU
		{7CD74639-4A58-4437-B7F7-5CB5FEE5BAF8}.Release|Any CPU.Build.0 = Release|Any CPU
	EndGlobalSection
	GlobalSection(SolutionProperties) = preSolution
		HideSolutionNode = FALSE
	EndGlobalSection
	GlobalSection(ExtensibilityGlobals) = postSolution
		SolutionGuid = {95DAEB81-3603-4E29-BAC4-A29EA5A9DB2E}
	EndGlobalSection
EndGlobal
